{
  "name": "responsive-club-website",
  "lockfileVersion": 3,
  "requires": true,
  "packages": {
    "": {
      "dependencies": {
        "destyle.css": "^4.0.0"
      }
    },
    "node_modules/destyle.css": {
      "version": "4.0.0",
      "resolved": "https://registry.npmjs.org/destyle.css/-/destyle.css-4.0.0.tgz",
      "integrity": "sha512-yE2SpDRZdqfEZRkYSIxSWSuh4Higsm01VinAWC3hny9DDV+NjBARpCEqf6TLDTWka1I7pu4bDJ68aF1WjLPKUw=="
    }
  }
}
